
Microsoft Visual Studio Solution File, Format Version 12.00
# Visual Studio Version 17
VisualStudioVersion = 17.1.32210.238
MinimumVisualStudioVersion = 10.0.40219.1
Project("{FAE04EC0-301F-11D3-BF4B-00C04F79EFBC}") = "GunBlazor.Server", "GunBlazor\Server\GunBlazor.Server.csproj", "{4A15EBCD-3A6A-4DAB-B8C7-13625C63D0F7}"
EndProject
Project("{FAE04EC0-301F-11D3-BF4B-00C04F79EFBC}") = "GunBlazor.Client", "GunBlazor\Client\GunBlazor.Client.csproj", "{F22022CF-FAD9-48C9-8837-4B96C4A0C1FD}"
EndProject
Project("{FAE04EC0-301F-11D3-BF4B-00C04F79EFBC}") = "GunBlazor.Shared", "GunBlazor\Shared\GunBlazor.Shared.csproj", "{388F4031-AE71-4806-90D3-E748BFF98CD8}"
EndProject
Global
	GlobalSection(SolutionConfigurationPlatforms) = preSolution
		Debug|Any CPU = Debug|Any CPU
		Release|Any CPU = Release|Any CPU
	EndGlobalSection
	GlobalSection(ProjectConfigurationPlatforms) = postSolution
		{4A15EBCD-3A6A-4DAB-B8C7-13625C63D0F7}.Debug|Any CPU.ActiveCfg = Debug|Any CPU
		{4A15EBCD-3A6A-4DAB-B8C7-13625C63D0F7}.Debug|Any CPU.Build.0 = Debug|Any CPU
		{4A15EBCD-3A6A-4DAB-B8C7-13625C63D0F7}.Release|Any CPU.ActiveCfg = Release|Any CPU
		{4A15EBCD-3A6A-4DAB-B8C7-13625C63D0F7}.Release|Any CPU.Build.0 = Release|Any CPU
		{F22022CF-FAD9-48C9-8837-4B96C4A0C1FD}.Debug|Any CPU.ActiveCfg = Debug|Any CPU
		{F22022CF-FAD9-48C9-8837-4B96C4A0C1FD}.Debug|Any CPU.Build.0 = Debug|Any CPU
		{F22022CF-FAD9-48C9-8837-4B96C4A0C1FD}.Release|Any CPU.ActiveCfg = Release|Any CPU
		{F22022CF-FAD9-48C9-8837-4B96C4A0C1FD}.Release|Any CPU.Build.0 = Release|Any CPU
		{388F4031-AE71-4806-90D3-E748BFF98CD8}.Debug|Any CPU.ActiveCfg = Debug|Any CPU
		{388F4031-AE71-4806-90D3-E748BFF98CD8}.Debug|Any CPU.Build.0 = Debug|Any CPU
		{388F4031-AE71-4806-90D3-E748BFF98CD8}.Release|Any CPU.ActiveCfg = Release|Any CPU
		{388F4031-AE71-4806-90D3-E748BFF98CD8}.Release|Any CPU.Build.0 = Release|Any CPU
	EndGlobalSection
	GlobalSection(SolutionProperties) = preSolution
		HideSolutionNode = FALSE
	EndGlobalSection
	GlobalSection(ExtensibilityGlobals) = postSolution
		SolutionGuid = {0F35D216-1FD5-4327-AD07-E548BA9451D9}
	EndGlobalSection
EndGlobal
